
Microsoft Visual Studio Solution File, Format Version 12.00
# Visual Studio 15
Project("{FAE04EC0-301F-11D3-BF4B-00C04F79EFBC}") = "Assembly-CSharp", "Assembly-CSharp.csproj", "{BCA97FD8-C5E1-5211-D2DF-48AFC2D3DF2A}"
EndProject
Project("{FAE04EC0-301F-11D3-BF4B-00C04F79EFBC}") = "Assembly-CSharp-Editor-firstpass", "Assembly-CSharp-Editor-firstpass.csproj", "{925F277C-CF55-83B9-CAA0-DCEC02C991F4}"
EndProject
Global
	GlobalSection(SolutionConfigurationPlatforms) = preSolution
		Debug|Any CPU = Debug|Any CPU
		Release|Any CPU = Release|Any CPU
	EndGlobalSection
	GlobalSection(ProjectConfigurationPlatforms) = postSolution
		{BCA97FD8-C5E1-5211-D2DF-48AFC2D3DF2A}.Debug|Any CPU.ActiveCfg = Debug|Any CPU
		{BCA97FD8-C5E1-5211-D2DF-48AFC2D3DF2A}.Debug|Any CPU.Build.0 = Debug|Any CPU
		{BCA97FD8-C5E1-5211-D2DF-48AFC2D3DF2A}.Release|Any CPU.ActiveCfg = Release|Any CPU
		{BCA97FD8-C5E1-5211-D2DF-48AFC2D3DF2A}.Release|Any CPU.Build.0 = Release|Any CPU
		{925F277C-CF55-83B9-CAA0-DCEC02C991F4}.Debug|Any CPU.ActiveCfg = Debug|Any CPU
		{925F277C-CF55-83B9-CAA0-DCEC02C991F4}.Debug|Any CPU.Build.0 = Debug|Any CPU
		{925F277C-CF55-83B9-CAA0-DCEC02C991F4}.Release|Any CPU.ActiveCfg = Release|Any CPU
		{925F277C-CF55-83B9-CAA0-DCEC02C991F4}.Release|Any CPU.Build.0 = Release|Any CPU
	EndGlobalSection
	GlobalSection(SolutionProperties) = preSolution
		HideSolutionNode = FALSE
	EndGlobalSection
EndGlobal
